
Microsoft Visual Studio Solution File, Format Version 12.00
# Visual Studio Version 17
VisualStudioVersion = 17.13.35825.156
MinimumVisualStudioVersion = 10.0.40219.1
Project("{FAE04EC0-301F-11D3-BF4B-00C04F79EFBC}") = "AsyncRedisModels", "AsyncRedisModels\AsyncRedisModels.csproj", "{A1F49196-4EF0-460F-9593-FB568AD807FD}"
EndProject
Project("{FAE04EC0-301F-11D3-BF4B-00C04F79EFBC}") = "Sample", "Sample\Sample.csproj", "{F34B8CF6-EBAF-43BD-BFA2-D5846CF301C8}"
EndProject
Global
	GlobalSection(SolutionConfigurationPlatforms) = preSolution
		Debug|Any CPU = Debug|Any CPU
		Release|Any CPU = Release|Any CPU
	EndGlobalSection
	GlobalSection(ProjectConfigurationPlatforms) = postSolution
		{A1F49196-4EF0-460F-9593-FB568AD807FD}.Debug|Any CPU.ActiveCfg = Debug|Any CPU
		{A1F49196-4EF0-460F-9593-FB568AD807FD}.Debug|Any CPU.Build.0 = Debug|Any CPU
		{A1F49196-4EF0-460F-9593-FB568AD807FD}.Release|Any CPU.ActiveCfg = Release|Any CPU
		{A1F49196-4EF0-460F-9593-FB568AD807FD}.Release|Any CPU.Build.0 = Release|Any CPU
		{F34B8CF6-EBAF-43BD-BFA2-D5846CF301C8}.Debug|Any CPU.ActiveCfg = Debug|Any CPU
		{F34B8CF6-EBAF-43BD-BFA2-D5846CF301C8}.Debug|Any CPU.Build.0 = Debug|Any CPU
		{F34B8CF6-EBAF-43BD-BFA2-D5846CF301C8}.Release|Any CPU.ActiveCfg = Release|Any CPU
		{F34B8CF6-EBAF-43BD-BFA2-D5846CF301C8}.Release|Any CPU.Build.0 = Release|Any CPU
	EndGlobalSection
	GlobalSection(SolutionProperties) = preSolution
		HideSolutionNode = FALSE
	EndGlobalSection
	GlobalSection(ExtensibilityGlobals) = postSolution
		SolutionGuid = {5E300FB5-EB8F-4248-86A2-A7F70C5C0526}
	EndGlobalSection
EndGlobal
